
Microsoft Visual Studio Solution File, Format Version 12.00
# Visual Studio Version 16
VisualStudioVersion = 16.0.29613.14
MinimumVisualStudioVersion = 10.0.40219.1
Project("{FAE04EC0-301F-11D3-BF4B-00C04F79EFBC}") = "20220210_Quiz", "20220210_Quiz\20220210_Quiz.csproj", "{31B11242-2EB4-4C3E-88D0-1BBDF0A8B650}"
EndProject
Global
	GlobalSection(SolutionConfigurationPlatforms) = preSolution
		Debug|Any CPU = Debug|Any CPU
		Release|Any CPU = Release|Any CPU
	EndGlobalSection
	GlobalSection(ProjectConfigurationPlatforms) = postSolution
		{31B11242-2EB4-4C3E-88D0-1BBDF0A8B650}.Debug|Any CPU.ActiveCfg = Debug|Any CPU
		{31B11242-2EB4-4C3E-88D0-1BBDF0A8B650}.Debug|Any CPU.Build.0 = Debug|Any CPU
		{31B11242-2EB4-4C3E-88D0-1BBDF0A8B650}.Release|Any CPU.ActiveCfg = Release|Any CPU
		{31B11242-2EB4-4C3E-88D0-1BBDF0A8B650}.Release|Any CPU.Build.0 = Release|Any CPU
	EndGlobalSection
	GlobalSection(SolutionProperties) = preSolution
		HideSolutionNode = FALSE
	EndGlobalSection
	GlobalSection(ExtensibilityGlobals) = postSolution
		SolutionGuid = {CDDCF8E4-B431-4A11-B665-885275C74ABE}
	EndGlobalSection
EndGlobal
